
Microsoft Visual Studio Solution File, Format Version 12.00
# Visual Studio 15
VisualStudioVersion = 15.0.28307.1082
MinimumVisualStudioVersion = 10.0.40219.1
Project("{FAE04EC0-301F-11D3-BF4B-00C04F79EFBC}") = "Chess", "Chess\Chess.csproj", "{8CB9F802-D23A-4EDA-A3B4-D43E7D095757}"
EndProject
Global
	GlobalSection(SolutionConfigurationPlatforms) = preSolution
		Debug|Any CPU = Debug|Any CPU
		Release|Any CPU = Release|Any CPU
	EndGlobalSection
	GlobalSection(ProjectConfigurationPlatforms) = postSolution
		{8CB9F802-D23A-4EDA-A3B4-D43E7D095757}.Debug|Any CPU.ActiveCfg = Debug|Any CPU
		{8CB9F802-D23A-4EDA-A3B4-D43E7D095757}.Debug|Any CPU.Build.0 = Debug|Any CPU
		{8CB9F802-D23A-4EDA-A3B4-D43E7D095757}.Release|Any CPU.ActiveCfg = Release|Any CPU
		{8CB9F802-D23A-4EDA-A3B4-D43E7D095757}.Release|Any CPU.Build.0 = Release|Any CPU
	EndGlobalSection
	GlobalSection(SolutionProperties) = preSolution
		HideSolutionNode = FALSE
	EndGlobalSection
	GlobalSection(ExtensibilityGlobals) = postSolution
		SolutionGuid = {FDA27C66-CC0C-4DD9-8411-A0C2A491F6F8}
	EndGlobalSection
EndGlobal
